
Microsoft Visual Studio Solution File, Format Version 12.00
Project("{FAE04EC0-301F-11D3-BF4B-00C04F79EFBC}") = "GeminiBack", "GeminiBack\GeminiBack.csproj", "{C286AE68-189D-4C63-8C85-A640809A7C2F}"
EndProject
Global
	GlobalSection(SolutionConfigurationPlatforms) = preSolution
		Debug|Any CPU = Debug|Any CPU
		Release|Any CPU = Release|Any CPU
	EndGlobalSection
	GlobalSection(ProjectConfigurationPlatforms) = postSolution
		{C286AE68-189D-4C63-8C85-A640809A7C2F}.Debug|Any CPU.ActiveCfg = Debug|Any CPU
		{C286AE68-189D-4C63-8C85-A640809A7C2F}.Debug|Any CPU.Build.0 = Debug|Any CPU
		{C286AE68-189D-4C63-8C85-A640809A7C2F}.Release|Any CPU.ActiveCfg = Release|Any CPU
		{C286AE68-189D-4C63-8C85-A640809A7C2F}.Release|Any CPU.Build.0 = Release|Any CPU
	EndGlobalSection
EndGlobal
